PODS:
  - Alamofire (5.8.1)
  - SDWebImage (5.18.8):
    - SDWebImage/Core (= 5.18.8)
  - SDWebImage/Core (5.18.8)

DEPENDENCIES:
  - Alamofire
  - SDWebImage (~> 5.0)

SPEC REPOS:
  trunk:
    - Alamofire
    - SDWebImage

SPEC CHECKSUMS:
  Alamofire: 3ca42e259043ee0dc5c0cdd76c4bc568b8e42af7
  SDWebImage: a81bbb3ba4ea5f810f4069c68727cb118467a04a

PODFILE CHECKSUM: 60d3a0978e319b81d129ece18c8510e72880dafe

COCOAPODS: 1.15.0
